// !$*UTF8*$!
{
	archiveVersion = 1;
	classes = {
	};
	objectVersion = 55;
	objects = {

/* Begin PBXBuildFile section */
		A111D3632875F40D00EA66B7 /* Timer_Login_UserDefaults_Combine_SwiftUI_HW_3_3App.swift in Sources */ = {isa = PBXBuildFile; fileRef = A111D3622875F40D00EA66B7 /* Timer_Login_UserDefaults_Combine_SwiftUI_HW_3_3App.swift */; };
		A111D3652875F40D00EA66B7 /* TimerView.swift in Sources */ = {isa = PBXBuildFile; fileRef = A111D3642875F40D00EA66B7 /* TimerView.swift */; };
		A111D3672875F40E00EA66B7 /* Assets.xcassets in Resources */ = {isa = PBXBuildFile; fileRef = A111D3662875F40E00EA66B7 /* Assets.xcassets */; };
		A111D36A2875F40E00EA66B7 /* Preview Assets.xcassets in Resources */ = {isa = PBXBuildFile; fileRef = A111D3692875F40E00EA66B7 /* Preview Assets.xcassets */; };
		A111D3742875F40E00EA66B7 /* Timer_Login_UserDefaults_Combine_SwiftUI_HW_3_3Tests.swift in Sources */ = {isa = PBXBuildFile; fileRef = A111D3732875F40E00EA66B7 /* Timer_Login_UserDefaults_Combine_SwiftUI_HW_3_3Tests.swift */; };
		A111D37E2875F40E00EA66B7 /* Timer_Login_UserDefaults_Combine_SwiftUI_HW_3_3UITests.swift in Sources */ = {isa = PBXBuildFile; fileRef = A111D37D2875F40E00EA66B7 /* Timer_Login_UserDefaults_Combine_SwiftUI_HW_3_3UITests.swift */; };
		A111D3802875F40E00EA66B7 /* Timer_Login_UserDefaults_Combine_SwiftUI_HW_3_3UITestsLaunchTests.swift in Sources */ = {isa = PBXBuildFile; fileRef = A111D37F2875F40E00EA66B7 /* Timer_Login_UserDefaults_Combine_SwiftUI_HW_3_3UITestsLaunchTests.swift */; };
		A111D38D28761EED00EA66B7 /* TimeCounter.swift in Sources */ = {isa = PBXBuildFile; fileRef = A111D38C28761EED00EA66B7 /* TimeCounter.swift */; };
		A111D38F287A914900EA66B7 /* RegisteredView.swift in Sources */ = {isa = PBXBuildFile; fileRef = A111D38E287A914900EA66B7 /* RegisteredView.swift */; };
		A111D391287A931900EA66B7 /* UserManager.swift in Sources */ = {isa = PBXBuildFile; fileRef = A111D390287A931900EA66B7 /* UserManager.swift */; };
		A111D393287A984700EA66B7 /* StarterView.swift in Sources */ = {isa = PBXBuildFile; fileRef = A111D392287A984700EA66B7 /* StarterView.swift */; };
		A1428502287F4EA300C4866D /* DataManager.swift in Sources */ = {isa = PBXBuildFile; fileRef = A1428501287F4EA300C4866D /* DataManager.swift */; };
		A1428506287F5A4700C4866D /* ActionButtonView.swift in Sources */ = {isa = PBXBuildFile; fileRef = A1428505287F5A4700C4866D /* ActionButtonView.swift */; };
		A1428508287F5BD400C4866D /* ButtonAppearanceModifier.swift in Sources */ = {isa = PBXBuildFile; fileRef = A1428507287F5BD400C4866D /* ButtonAppearanceModifier.swift */; };
/* End PBXBuildFile section */

/* Begin PBXContainerItemProxy section */
		A111D3702875F40E00EA66B7 /* PBXContainerItemProxy */ = {
			isa = PBXContainerItemProxy;
			containerPortal = A111D3572875F40D00EA66B7 /* Project object */;
			proxyType = 1;
			remoteGlobalIDString = A111D35E2875F40D00EA66B7;
			remoteInfo = "Timer-Login.UserDefaults.Combine.SwiftUI.HW.3.3";
		};
		A111D37A2875F40E00EA66B7 /* PBXContainerItemProxy */ = {
			isa = PBXContainerItemProxy;
			containerPortal = A111D3572875F40D00EA66B7 /* Project object */;
			proxyType = 1;
			remoteGlobalIDString = A111D35E2875F40D00EA66B7;
			remoteInfo = "Timer-Login.UserDefaults.Combine.SwiftUI.HW.3.3";
		};
/* End PBXContainerItemProxy section */

/* Begin PBXFileReference section */
		A111D35F2875F40D00EA66B7 /* Timer-Login.UserDefaults.Combine.SwiftUI.HW.3.3.app */ = {isa = PBXFileReference; explicitFileType = wrapper.application; includeInIndex = 0; path = "Timer-Login.UserDefaults.Combine.SwiftUI.HW.3.3.app"; sourceTree = BUILT_PRODUCTS_DIR; };
		A111D3622875F40D00EA66B7 /* Timer_Login_UserDefaults_Combine_SwiftUI_HW_3_3App.swift */ = {isa = PBXFileReference; lastKnownFileType = sourcecode.swift; path = Timer_Login_UserDefaults_Combine_SwiftUI_HW_3_3App.swift; sourceTree = "<group>"; };
		A111D3642875F40D00EA66B7 /* TimerView.swift */ = {isa = PBXFileReference; lastKnownFileType = sourcecode.swift; path = TimerView.swift; sourceTree = "<group>"; };
		A111D3662875F40E00EA66B7 /* Assets.xcassets */ = {isa = PBXFileReference; lastKnownFileType = folder.assetcatalog; path = Assets.xcassets; sourceTree = "<group>"; };
		A111D3692875F40E00EA66B7 /* Preview Assets.xcassets */ = {isa = PBXFileReference; lastKnownFileType = folder.assetcatalog; path = "Preview Assets.xcassets"; sourceTree = "<group>"; };
		A111D36F2875F40E00EA66B7 /* Timer-Login.UserDefaults.Combine.SwiftUI.HW.3.3Tests.xctest */ = {isa = PBXFileReference; explicitFileType = wrapper.cfbundle; includeInIndex = 0; path = "Timer-Login.UserDefaults.Combine.SwiftUI.HW.3.3Tests.xctest"; sourceTree = BUILT_PRODUCTS_DIR; };
		A111D3732875F40E00EA66B7 /* Timer_Login_UserDefaults_Combine_SwiftUI_HW_3_3Tests.swift */ = {isa = PBXFileReference; lastKnownFileType = sourcecode.swift; path = Timer_Login_UserDefaults_Combine_SwiftUI_HW_3_3Tests.swift; sourceTree = "<group>"; };
		A111D3792875F40E00EA66B7 /* Timer-Login.UserDefaults.Combine.SwiftUI.HW.3.3UITests.xctest */ = {isa = PBXFileReference; explicitFileType = wrapper.cfbundle; includeInIndex = 0; path = "Timer-Login.UserDefaults.Combine.SwiftUI.HW.3.3UITests.xctest"; sourceTree = BUILT_PRODUCTS_DIR; };
		A111D37D2875F40E00EA66B7 /* Timer_Login_UserDefaults_Combine_SwiftUI_HW_3_3UITests.swift */ = {isa = PBXFileReference; lastKnownFileType = sourcecode.swift; path = Timer_Login_UserDefaults_Combine_SwiftUI_HW_3_3UITests.swift; sourceTree = "<group>"; };
		A111D37F2875F40E00EA66B7 /* Timer_Login_UserDefaults_Combine_SwiftUI_HW_3_3UITestsLaunchTests.swift */ = {isa = PBXFileReference; lastKnownFileType = sourcecode.swift; path = Timer_Login_UserDefaults_Combine_SwiftUI_HW_3_3UITestsLaunchTests.swift; sourceTree = "<group>"; };
		A111D38C28761EED00EA66B7 /* TimeCounter.swift */ = {isa = PBXFileReference; lastKnownFileType = sourcecode.swift; path = TimeCounter.swift; sourceTree = "<group>"; };
		A111D38E287A914900EA66B7 /* RegisteredView.swift */ = {isa = PBXFileReference; lastKnownFileType = sourcecode.swift; path = RegisteredView.swift; sourceTree = "<group>"; };
		A111D390287A931900EA66B7 /* UserManager.swift */ = {isa = PBXFileReference; lastKnownFileType = sourcecode.swift; path = UserManager.swift; sourceTree = "<group>"; };
		A111D392287A984700EA66B7 /* StarterView.swift */ = {isa = PBXFileReference; lastKnownFileType = sourcecode.swift; path = StarterView.swift; sourceTree = "<group>"; };
		A1428501287F4EA300C4866D /* DataManager.swift */ = {isa = PBXFileReference; lastKnownFileType = sourcecode.swift; path = DataManager.swift; sourceTree = "<group>"; };
		A1428505287F5A4700C4866D /* ActionButtonView.swift */ = {isa = PBXFileReference; lastKnownFileType = sourcecode.swift; path = ActionButtonView.swift; sourceTree = "<group>"; };
		A1428507287F5BD400C4866D /* ButtonAppearanceModifier.swift */ = {isa = PBXFileReference; lastKnownFileType = sourcecode.swift; path = ButtonAppearanceModifier.swift; sourceTree = "<group>"; };
/* End PBXFileReference section */

/* Begin PBXFrameworksBuildPhase section */
		A111D35C2875F40D00EA66B7 /* Frameworks */ = {
			isa = PBXFrameworksBuildPhase;
			buildActionMask = 2147483647;
			files = (
			);
			runOnlyForDeploymentPostprocessing = 0;
		};
		A111D36C2875F40E00EA66B7 /* Frameworks */ = {
			isa = PBXFrameworksBuildPhase;
			buildActionMask = 2147483647;
			files = (
			);
			runOnlyForDeploymentPostprocessing = 0;
		};
		A111D3762875F40E00EA66B7 /* Frameworks */ = {
			isa = PBXFrameworksBuildPhase;
			buildActionMask = 2147483647;
			files = (
			);
			runOnlyForDeploymentPostprocessing = 0;
		};
/* End PBXFrameworksBuildPhase section */

/* Begin PBXGroup section */
		A111D3562875F40D00EA66B7 = {
			isa = PBXGroup;
			children = (
				A111D3612875F40D00EA66B7 /* Timer-Login.UserDefaults.Combine.SwiftUI.HW.3.3 */,
				A111D3722875F40E00EA66B7 /* Timer-Login.UserDefaults.Combine.SwiftUI.HW.3.3Tests */,
				A111D37C2875F40E00EA66B7 /* Timer-Login.UserDefaults.Combine.SwiftUI.HW.3.3UITests */,
				A111D3602875F40D00EA66B7 /* Products */,
			);
			sourceTree = "<group>";
		};
		A111D3602875F40D00EA66B7 /* Products */ = {
			isa = PBXGroup;
			children = (
				A111D35F2875F40D00EA66B7 /* Timer-Login.UserDefaults.Combine.SwiftUI.HW.3.3.app */,
				A111D36F2875F40E00EA66B7 /* Timer-Login.UserDefaults.Combine.SwiftUI.HW.3.3Tests.xctest */,
				A111D3792875F40E00EA66B7 /* Timer-Login.UserDefaults.Combine.SwiftUI.HW.3.3UITests.xctest */,
			);
			name = Products;
			sourceTree = "<group>";
		};
		A111D3612875F40D00EA66B7 /* Timer-Login.UserDefaults.Combine.SwiftUI.HW.3.3 */ = {
			isa = PBXGroup;
			children = (
				A111D3622875F40D00EA66B7 /* Timer_Login_UserDefaults_Combine_SwiftUI_HW_3_3App.swift */,
				A111D392287A984700EA66B7 /* StarterView.swift */,
				A111D38E287A914900EA66B7 /* RegisteredView.swift */,
				A1428507287F5BD400C4866D /* ButtonAppearanceModifier.swift */,
				A111D3642875F40D00EA66B7 /* TimerView.swift */,
				A111D390287A931900EA66B7 /* UserManager.swift */,
				A1428505287F5A4700C4866D /* ActionButtonView.swift */,
				A1428501287F4EA300C4866D /* DataManager.swift */,
				A111D38C28761EED00EA66B7 /* TimeCounter.swift */,
				A111D3662875F40E00EA66B7 /* Assets.xcassets */,
				A111D3682875F40E00EA66B7 /* Preview Content */,
			);
			path = "Timer-Login.UserDefaults.Combine.SwiftUI.HW.3.3";
			sourceTree = "<group>";
		};
		A111D3682875F40E00EA66B7 /* Preview Content */ = {
			isa = PBXGroup;
			children = (
				A111D3692875F40E00EA66B7 /* Preview Assets.xcassets */,
			);
			path = "Preview Content";
			sourceTree = "<group>";
		};
		A111D3722875F40E00EA66B7 /* Timer-Login.UserDefaults.Combine.SwiftUI.HW.3.3Tests */ = {
			isa = PBXGroup;
			children = (
				A111D3732875F40E00EA66B7 /* Timer_Login_UserDefaults_Combine_SwiftUI_HW_3_3Tests.swift */,
			);
			path = "Timer-Login.UserDefaults.Combine.SwiftUI.HW.3.3Tests";
			sourceTree = "<group>";
		};
		A111D37C2875F40E00EA66B7 /* Timer-Login.UserDefaults.Combine.SwiftUI.HW.3.3UITests */ = {
			isa = PBXGroup;
			children = (
				A111D37D2875F40E00EA66B7 /* Timer_Login_UserDefaults_Combine_SwiftUI_HW_3_3UITests.swift */,
				A111D37F2875F40E00EA66B7 /* Timer_Login_UserDefaults_Combine_SwiftUI_HW_3_3UITestsLaunchTests.swift */,
			);
			path = "Timer-Login.UserDefaults.Combine.SwiftUI.HW.3.3UITests";
			sourceTree = "<group>";
		};
/* End PBXGroup section */

/* Begin PBXNativeTarget section */
		A111D35E2875F40D00EA66B7 /* Timer-Login.UserDefaults.Combine.SwiftUI.HW.3.3 */ = {
			isa = PBXNativeTarget;
			buildConfigurationList = A111D3832875F40E00EA66B7 /* Build configuration list for PBXNativeTarget "Timer-Login.UserDefaults.Combine.SwiftUI.HW.3.3" */;
			buildPhases = (
				A111D35B2875F40D00EA66B7 /* Sources */,
				A111D35C2875F40D00EA66B7 /* Frameworks */,
				A111D35D2875F40D00EA66B7 /* Resources */,
			);
			buildRules = (
			);
			dependencies = (
			);
			name = "Timer-Login.UserDefaults.Combine.SwiftUI.HW.3.3";
			productName = "Timer-Login.UserDefaults.Combine.SwiftUI.HW.3.3";
			productReference = A111D35F2875F40D00EA66B7 /* Timer-Login.UserDefaults.Combine.SwiftUI.HW.3.3.app */;
			productType = "com.apple.product-type.application";
		};
		A111D36E2875F40E00EA66B7 /* Timer-Login.UserDefaults.Combine.SwiftUI.HW.3.3Tests */ = {
			isa = PBXNativeTarget;
			buildConfigurationList = A111D3862875F40E00EA66B7 /* Build configuration list for PBXNativeTarget "Timer-Login.UserDefaults.Combine.SwiftUI.HW.3.3Tests" */;
			buildPhases = (
				A111D36B2875F40E00EA66B7 /* Sources */,
				A111D36C2875F40E00EA66B7 /* Frameworks */,
				A111D36D2875F40E00EA66B7 /* Resources */,
			);
			buildRules = (
			);
			dependencies = (
				A111D3712875F40E00EA66B7 /* PBXTargetDependency */,
			);
			name = "Timer-Login.UserDefaults.Combine.SwiftUI.HW.3.3Tests";
			productName = "Timer-Login.UserDefaults.Combine.SwiftUI.HW.3.3Tests";
			productReference = A111D36F2875F40E00EA66B7 /* Timer-Login.UserDefaults.Combine.SwiftUI.HW.3.3Tests.xctest */;
			productType = "com.apple.product-type.bundle.unit-test";
		};
		A111D3782875F40E00EA66B7 /* Timer-Login.UserDefaults.Combine.SwiftUI.HW.3.3UITests */ = {
			isa = PBXNativeTarget;
			buildConfigurationList = A111D3892875F40E00EA66B7 /* Build configuration list for PBXNativeTarget "Timer-Login.UserDefaults.Combine.SwiftUI.HW.3.3UITests" */;
			buildPhases = (
				A111D3752875F40E00EA66B7 /* Sources */,
				A111D3762875F40E00EA66B7 /* Frameworks */,
				A111D3772875F40E00EA66B7 /* Resources */,
			);
			buildRules = (
			);
			dependencies = (
				A111D37B2875F40E00EA66B7 /* PBXTargetDependency */,
			);
			name = "Timer-Login.UserDefaults.Combine.SwiftUI.HW.3.3UITests";
			productName = "Timer-Login.UserDefaults.Combine.SwiftUI.HW.3.3UITests";
			productReference = A111D3792875F40E00EA66B7 /* Timer-Login.UserDefaults.Combine.SwiftUI.HW.3.3UITests.xctest */;
			productType = "com.apple.product-type.bundle.ui-testing";
		};
/* End PBXNativeTarget section */

/* Begin PBXProject section */
		A111D3572875F40D00EA66B7 /* Project object */ = {
			isa = PBXProject;
			attributes = {
				BuildIndependentTargetsInParallel = 1;
				LastSwiftUpdateCheck = 1340;
				LastUpgradeCheck = 1340;
				TargetAttributes = {
					A111D35E2875F40D00EA66B7 = {
						CreatedOnToolsVersion = 13.4.1;
					};
					A111D36E2875F40E00EA66B7 = {
						CreatedOnToolsVersion = 13.4.1;
						TestTargetID = A111D35E2875F40D00EA66B7;
					};
					A111D3782875F40E00EA66B7 = {
						CreatedOnToolsVersion = 13.4.1;
						TestTargetID = A111D35E2875F40D00EA66B7;
					};
				};
			};
			buildConfigurationList = A111D35A2875F40D00EA66B7 /* Build configuration list for PBXProject "Timer-Login.UserDefaults.Combine.SwiftUI.HW.3.3" */;
			compatibilityVersion = "Xcode 13.0";
			developmentRegion = en;
			hasScannedForEncodings = 0;
			knownRegions = (
				en,
				Base,
			);
			mainGroup = A111D3562875F40D00EA66B7;
			productRefGroup = A111D3602875F40D00EA66B7 /* Products */;
			projectDirPath = "";
			projectRoot = "";
			targets = (
				A111D35E2875F40D00EA66B7 /* Timer-Login.UserDefaults.Combine.SwiftUI.HW.3.3 */,
				A111D36E2875F40E00EA66B7 /* Timer-Login.UserDefaults.Combine.SwiftUI.HW.3.3Tests */,
				A111D3782875F40E00EA66B7 /* Timer-Login.UserDefaults.Combine.SwiftUI.HW.3.3UITests */,
			);
		};
/* End PBXProject section */

/* Begin PBXResourcesBuildPhase section */
		A111D35D2875F40D00EA66B7 /* Resources */ = {
			isa = PBXResourcesBuildPhase;
			buildActionMask = 2147483647;
			files = (
				A111D36A2875F40E00EA66B7 /* Preview Assets.xcassets in Resources */,
				A111D3672875F40E00EA66B7 /* Assets.xcassets in Resources */,
			);
			runOnlyForDeploymentPostprocessing = 0;
		};
		A111D36D2875F40E00EA66B7 /* Resources */ = {
			isa = PBXResourcesBuildPhase;
			buildActionMask = 2147483647;
			files = (
			);
			runOnlyForDeploymentPostprocessing = 0;
		};
		A111D3772875F40E00EA66B7 /* Resources */ = {
			isa = PBXResourcesBuildPhase;
			buildActionMask = 2147483647;
			files = (
			);
			runOnlyForDeploymentPostprocessing = 0;
		};
/* End PBXResourcesBuildPhase section */

/* Begin PBXSourcesBuildPhase section */
		A111D35B2875F40D00EA66B7 /* Sources */ = {
			isa = PBXSourcesBuildPhase;
			buildActionMask = 2147483647;
			files = (
				A1428508287F5BD400C4866D /* ButtonAppearanceModifier.swift in Sources */,
				A111D38F287A914900EA66B7 /* RegisteredView.swift in Sources */,
				A111D38D28761EED00EA66B7 /* TimeCounter.swift in Sources */,
				A111D393287A984700EA66B7 /* StarterView.swift in Sources */,
				A1428502287F4EA300C4866D /* DataManager.swift in Sources */,
				A111D3652875F40D00EA66B7 /* TimerView.swift in Sources */,
				A111D391287A931900EA66B7 /* UserManager.swift in Sources */,
				A1428506287F5A4700C4866D /* ActionButtonView.swift in Sources */,
				A111D3632875F40D00EA66B7 /* Timer_Login_UserDefaults_Combine_SwiftUI_HW_3_3App.swift in Sources */,
			);
			runOnlyForDeploymentPostprocessing = 0;
		};
		A111D36B2875F40E00EA66B7 /* Sources */ = {
			isa = PBXSourcesBuildPhase;
			buildActionMask = 2147483647;
			files = (
				A111D3742875F40E00EA66B7 /* Timer_Login_UserDefaults_Combine_SwiftUI_HW_3_3Tests.swift in Sources */,
			);
			runOnlyForDeploymentPostprocessing = 0;
		};
		A111D3752875F40E00EA66B7 /* Sources */ = {
			isa = PBXSourcesBuildPhase;
			buildActionMask = 2147483647;
			files = (
				A111D3802875F40E00EA66B7 /* Timer_Login_UserDefaults_Combine_SwiftUI_HW_3_3UITestsLaunchTests.swift in Sources */,
				A111D37E2875F40E00EA66B7 /* Timer_Login_UserDefaults_Combine_SwiftUI_HW_3_3UITests.swift in Sources */,
			);
			runOnlyForDeploymentPostprocessing = 0;
		};
/* End PBXSourcesBuildPhase section */

/* Begin PBXTargetDependency section */
		A111D3712875F40E00EA66B7 /* PBXTargetDependency */ = {
			isa = PBXTargetDependency;
			target = A111D35E2875F40D00EA66B7 /* Timer-Login.UserDefaults.Combine.SwiftUI.HW.3.3 */;
			targetProxy = A111D3702875F40E00EA66B7 /* PBXContainerItemProxy */;
		};
		A111D37B2875F40E00EA66B7 /* PBXTargetDependency */ = {
			isa = PBXTargetDependency;
			target = A111D35E2875F40D00EA66B7 /* Timer-Login.UserDefaults.Combine.SwiftUI.HW.3.3 */;
			targetProxy = A111D37A2875F40E00EA66B7 /* PBXContainerItemProxy */;
		};
/* End PBXTargetDependency section */

/* Begin XCBuildConfiguration section */
		A111D3812875F40E00EA66B7 /* Debug */ = {
			isa = XCBuildConfiguration;
			buildSettings = {
				ALWAYS_SEARCH_USER_PATHS = NO;
				CLANG_ANALYZER_NONNULL = YES;
				CLANG_ANALYZER_NUMBER_OBJECT_CONVERSION = YES_AGGRESSIVE;
				CLANG_CXX_LANGUAGE_STANDARD = "gnu++17";
				CLANG_ENABLE_MODULES = YES;
				CLANG_ENABLE_OBJC_ARC = YES;
				CLANG_ENABLE_OBJC_WEAK = YES;
				CLANG_WARN_BLOCK_CAPTURE_AUTORELEASING = YES;
				CLANG_WARN_BOOL_CONVERSION = YES;
				CLANG_WARN_COMMA = YES;
				CLANG_WARN_CONSTANT_CONVERSION = YES;
				CLANG_WARN_DEPRECATED_OBJC_IMPLEMENTATIONS = YES;
				CLANG_WARN_DIRECT_OBJC_ISA_USAGE = YES_ERROR;
				CLANG_WARN_DOCUMENTATION_COMMENTS = YES;
				CLANG_WARN_EMPTY_BODY = YES;
				CLANG_WARN_ENUM_CONVERSION = YES;
				CLANG_WARN_INFINITE_RECURSION = YES;
				CLANG_WARN_INT_CONVERSION = YES;
				CLANG_WARN_NON_LITERAL_NULL_CONVERSION = YES;
				CLANG_WARN_OBJC_IMPLICIT_RETAIN_SELF = YES;
				CLANG_WARN_OBJC_LITERAL_CONVERSION = YES;
				CLANG_WARN_OBJC_ROOT_CLASS = YES_ERROR;
				CLANG_WARN_QUOTED_INCLUDE_IN_FRAMEWORK_HEADER = YES;
				CLANG_WARN_RANGE_LOOP_ANALYSIS = YES;
				CLANG_WARN_STRICT_PROTOTYPES = YES;
				CLANG_WARN_SUSPICIOUS_MOVE = YES;
				CLANG_WARN_UNGUARDED_AVAILABILITY = YES_AGGRESSIVE;
				CLANG_WARN_UNREACHABLE_CODE = YES;
				CLANG_WARN__DUPLICATE_METHOD_MATCH = YES;
				COPY_PHASE_STRIP = NO;
				DEBUG_INFORMATION_FORMAT = dwarf;
				ENABLE_STRICT_OBJC_MSGSEND = YES;
				ENABLE_TESTABILITY = YES;
				GCC_C_LANGUAGE_STANDARD = gnu11;
				GCC_DYNAMIC_NO_PIC = NO;
				GCC_NO_COMMON_BLOCKS = YES;
				GCC_OPTIMIZATION_LEVEL = 0;
				GCC_PREPROCESSOR_DEFINITIONS = (
					"DEBUG=1",
					"$(inherited)",
				);
				GCC_WARN_64_TO_32_BIT_CONVERSION = YES;
				GCC_WARN_ABOUT_RETURN_TYPE = YES_ERROR;
				GCC_WARN_UNDECLARED_SELECTOR = YES;
				GCC_WARN_UNINITIALIZED_AUTOS = YES_AGGRESSIVE;
				GCC_WARN_UNUSED_FUNCTION = YES;
				GCC_WARN_UNUSED_VARIABLE = YES;
				IPHONEOS_DEPLOYMENT_TARGET = 15.5;
				MTL_ENABLE_DEBUG_INFO = INCLUDE_SOURCE;
				MTL_FAST_MATH = YES;
				ONLY_ACTIVE_ARCH = YES;
				SDKROOT = iphoneos;
				SWIFT_ACTIVE_COMPILATION_CONDITIONS = DEBUG;
				SWIFT_OPTIMIZATION_LEVEL = "-Onone";
			};
			name = Debug;
		};
		A111D3822875F40E00EA66B7 /* Release */ = {
			isa = XCBuildConfiguration;
			buildSettings = {
				ALWAYS_SEARCH_USER_PATHS = NO;
				CLANG_ANALYZER_NONNULL = YES;
				CLANG_ANALYZER_NUMBER_OBJECT_CONVERSION = YES_AGGRESSIVE;
				CLANG_CXX_LANGUAGE_STANDARD = "gnu++17";
				CLANG_ENABLE_MODULES = YES;
				CLANG_ENABLE_OBJC_ARC = YES;
				CLANG_ENABLE_OBJC_WEAK = YES;
				CLANG_WARN_BLOCK_CAPTURE_AUTORELEASING = YES;
				CLANG_WARN_BOOL_CONVERSION = YES;
				CLANG_WARN_COMMA = YES;
				CLANG_WARN_CONSTANT_CONVERSION = YES;
				CLANG_WARN_DEPRECATED_OBJC_IMPLEMENTATIONS = YES;
				CLANG_WARN_DIRECT_OBJC_ISA_USAGE = YES_ERROR;
				CLANG_WARN_DOCUMENTATION_COMMENTS = YES;
				CLANG_WARN_EMPTY_BODY = YES;
				CLANG_WARN_ENUM_CONVERSION = YES;
				CLANG_WARN_INFINITE_RECURSION = YES;
				CLANG_WARN_INT_CONVERSION = YES;
				CLANG_WARN_NON_LITERAL_NULL_CONVERSION = YES;
				CLANG_WARN_OBJC_IMPLICIT_RETAIN_SELF = YES;
				CLANG_WARN_OBJC_LITERAL_CONVERSION = YES;
				CLANG_WARN_OBJC_ROOT_CLASS = YES_ERROR;
				CLANG_WARN_QUOTED_INCLUDE_IN_FRAMEWORK_HEADER = YES;
				CLANG_WARN_RANGE_LOOP_ANALYSIS = YES;
				CLANG_WARN_STRICT_PROTOTYPES = YES;
				CLANG_WARN_SUSPICIOUS_MOVE = YES;
				CLANG_WARN_UNGUARDED_AVAILABILITY = YES_AGGRESSIVE;
				CLANG_WARN_UNREACHABLE_CODE = YES;
				CLANG_WARN__DUPLICATE_METHOD_MATCH = YES;
				COPY_PHASE_STRIP = NO;
				DEBUG_INFORMATION_FORMAT = "dwarf-with-dsym";
				ENABLE_NS_ASSERTIONS = NO;
				ENABLE_STRICT_OBJC_MSGSEND = YES;
				GCC_C_LANGUAGE_STANDARD = gnu11;
				GCC_NO_COMMON_BLOCKS = YES;
				GCC_WARN_64_TO_32_BIT_CONVERSION = YES;
				GCC_WARN_ABOUT_RETURN_TYPE = YES_ERROR;
				GCC_WARN_UNDECLARED_SELECTOR = YES;
				GCC_WARN_UNINITIALIZED_AUTOS = YES_AGGRESSIVE;
				GCC_WARN_UNUSED_FUNCTION = YES;
				GCC_WARN_UNUSED_VARIABLE = YES;
				IPHONEOS_DEPLOYMENT_TARGET = 15.5;
				MTL_ENABLE_DEBUG_INFO = NO;
				MTL_FAST_MATH = YES;
				SDKROOT = iphoneos;
				SWIFT_COMPILATION_MODE = wholemodule;
				SWIFT_OPTIMIZATION_LEVEL = "-O";
				VALIDATE_PRODUCT = YES;
			};
			name = Release;
		};
		A111D3842875F40E00EA66B7 /* Debug */ = {
			isa = XCBuildConfiguration;
			buildSettings = {
				ASSETCATALOG_COMPILER_APPICON_NAME = AppIcon;
				ASSETCATALOG_COMPILER_GLOBAL_ACCENT_COLOR_NAME = AccentColor;
				CODE_SIGN_STYLE = Automatic;
				CURRENT_PROJECT_VERSION = 1;
				DEVELOPMENT_ASSET_PATHS = "\"Timer-Login.UserDefaults.Combine.SwiftUI.HW.3.3/Preview Content\"";
				DEVELOPMENT_TEAM = YGRG6HC2V6;
				ENABLE_PREVIEWS = YES;
				GENERATE_INFOPLIST_FILE = YES;
				INFOPLIST_KEY_UIApplicationSceneManifest_Generation = YES;
				INFOPLIST_KEY_UIApplicationSupportsIndirectInputEvents = YES;
				INFOPLIST_KEY_UILaunchScreen_Generation = YES;
				INFOPLIST_KEY_UISupportedInterfaceOrientations_iPad = "UIInterfaceOrientationPortrait UIInterfaceOrientationPortraitUpsideDown UIInterfaceOrientationLandscapeLeft UIInterfaceOrientationLandscapeRight";
				INFOPLIST_KEY_UISupportedInterfaceOrientations_iPhone = "UIInterfaceOrientationPortrait UIInterfaceOrientationLandscapeLeft UIInterfaceOrientationLandscapeRight";
				LD_RUNPATH_SEARCH_PATHS = (
					"$(inherited)",
					"@executable_path/Frameworks",
				);
				MARKETING_VERSION = 1.0;
				PRODUCT_BUNDLE_IDENTIFIER = "Yuratev-Sergey.Timer-Login-UserDefaults-Combine-SwiftUI-HW-3-3";
				PRODUCT_NAME = "$(TARGET_NAME)";
				SWIFT_EMIT_LOC_STRINGS = YES;
				SWIFT_VERSION = 5.0;
				TARGETED_DEVICE_FAMILY = "1,2";
			};
			name = Debug;
		};
		A111D3852875F40E00EA66B7 /* Release */ = {
			isa = XCBuildConfiguration;
			buildSettings = {
				ASSETCATALOG_COMPILER_APPICON_NAME = AppIcon;
				ASSETCATALOG_COMPILER_GLOBAL_ACCENT_COLOR_NAME = AccentColor;
				CODE_SIGN_STYLE = Automatic;
				CURRENT_PROJECT_VERSION = 1;
				DEVELOPMENT_ASSET_PATHS = "\"Timer-Login.UserDefaults.Combine.SwiftUI.HW.3.3/Preview Content\"";
				DEVELOPMENT_TEAM = YGRG6HC2V6;
				ENABLE_PREVIEWS = YES;
				GENERATE_INFOPLIST_FILE = YES;
				INFOPLIST_KEY_UIApplicationSceneManifest_Generation = YES;
				INFOPLIST_KEY_UIApplicationSupportsIndirectInputEvents = YES;
				INFOPLIST_KEY_UILaunchScreen_Generation = YES;
				INFOPLIST_KEY_UISupportedInterfaceOrientations_iPad = "UIInterfaceOrientationPortrait UIInterfaceOrientationPortraitUpsideDown UIInterfaceOrientationLandscapeLeft UIInterfaceOrientationLandscapeRight";
				INFOPLIST_KEY_UISupportedInterfaceOrientations_iPhone = "UIInterfaceOrientationPortrait UIInterfaceOrientationLandscapeLeft UIInterfaceOrientationLandscapeRight";
				LD_RUNPATH_SEARCH_PATHS = (
					"$(inherited)",
					"@executable_path/Frameworks",
				);
				MARKETING_VERSION = 1.0;
				PRODUCT_BUNDLE_IDENTIFIER = "Yuratev-Sergey.Timer-Login-UserDefaults-Combine-SwiftUI-HW-3-3";
				PRODUCT_NAME = "$(TARGET_NAME)";
				SWIFT_EMIT_LOC_STRINGS = YES;
				SWIFT_VERSION = 5.0;
				TARGETED_DEVICE_FAMILY = "1,2";
			};
			name = Release;
		};
		A111D3872875F40E00EA66B7 /* Debug */ = {
			isa = XCBuildConfiguration;
			buildSettings = {
				ALWAYS_EMBED_SWIFT_STANDARD_LIBRARIES = YES;
				BUNDLE_LOADER = "$(TEST_HOST)";
				CODE_SIGN_STYLE = Automatic;
				CURRENT_PROJECT_VERSION = 1;
				DEVELOPMENT_TEAM = YGRG6HC2V6;
				GENERATE_INFOPLIST_FILE = YES;
				IPHONEOS_DEPLOYMENT_TARGET = 15.5;
				MARKETING_VERSION = 1.0;
				PRODUCT_BUNDLE_IDENTIFIER = "Yuratev-Sergey.Timer-Login-UserDefaults-Combine-SwiftUI-HW-3-3Tests";
				PRODUCT_NAME = "$(TARGET_NAME)";
				SWIFT_EMIT_LOC_STRINGS = NO;
				SWIFT_VERSION = 5.0;
				TARGETED_DEVICE_FAMILY = "1,2";
				TEST_HOST = "$(BUILT_PRODUCTS_DIR)/Timer-Login.UserDefaults.Combine.SwiftUI.HW.3.3.app/Timer-Login.UserDefaults.Combine.SwiftUI.HW.3.3";
			};
			name = Debug;
		};
		A111D3882875F40E00EA66B7 /* Release */ = {
			isa = XCBuildConfiguration;
			buildSettings = {
				ALWAYS_EMBED_SWIFT_STANDARD_LIBRARIES = YES;
				BUNDLE_LOADER = "$(TEST_HOST)";
				CODE_SIGN_STYLE = Automatic;
				CURRENT_PROJECT_VERSION = 1;
				DEVELOPMENT_TEAM = YGRG6HC2V6;
				GENERATE_INFOPLIST_FILE = YES;
				IPHONEOS_DEPLOYMENT_TARGET = 15.5;
				MARKETING_VERSION = 1.0;
				PRODUCT_BUNDLE_IDENTIFIER = "Yuratev-Sergey.Timer-Login-UserDefaults-Combine-SwiftUI-HW-3-3Tests";
				PRODUCT_NAME = "$(TARGET_NAME)";
				SWIFT_EMIT_LOC_STRINGS = NO;
				SWIFT_VERSION = 5.0;
				TARGETED_DEVICE_FAMILY = "1,2";
				TEST_HOST = "$(BUILT_PRODUCTS_DIR)/Timer-Login.UserDefaults.Combine.SwiftUI.HW.3.3.app/Timer-Login.UserDefaults.Combine.SwiftUI.HW.3.3";
			};
			name = Release;
		};
		A111D38A2875F40E00EA66B7 /* Debug */ = {
			isa = XCBuildConfiguration;
			buildSettings = {
				ALWAYS_EMBED_SWIFT_STANDARD_LIBRARIES = YES;
				CODE_SIGN_STYLE = Automatic;
				CURRENT_PROJECT_VERSION = 1;
				DEVELOPMENT_TEAM = YGRG6HC2V6;
				GENERATE_INFOPLIST_FILE = YES;
				MARKETING_VERSION = 1.0;
				PRODUCT_BUNDLE_IDENTIFIER = "Yuratev-Sergey.Timer-Login-UserDefaults-Combine-SwiftUI-HW-3-3UITests";
				PRODUCT_NAME = "$(TARGET_NAME)";
				SWIFT_EMIT_LOC_STRINGS = NO;
				SWIFT_VERSION = 5.0;
				TARGETED_DEVICE_FAMILY = "1,2";
				TEST_TARGET_NAME = "Timer-Login.UserDefaults.Combine.SwiftUI.HW.3.3";
			};
			name = Debug;
		};
		A111D38B2875F40E00EA66B7 /* Release */ = {
			isa = XCBuildConfiguration;
			buildSettings = {
				ALWAYS_EMBED_SWIFT_STANDARD_LIBRARIES = YES;
				CODE_SIGN_STYLE = Automatic;
				CURRENT_PROJECT_VERSION = 1;
				DEVELOPMENT_TEAM = YGRG6HC2V6;
				GENERATE_INFOPLIST_FILE = YES;
				MARKETING_VERSION = 1.0;
				PRODUCT_BUNDLE_IDENTIFIER = "Yuratev-Sergey.Timer-Login-UserDefaults-Combine-SwiftUI-HW-3-3UITests";
				PRODUCT_NAME = "$(TARGET_NAME)";
				SWIFT_EMIT_LOC_STRINGS = NO;
				SWIFT_VERSION = 5.0;
				TARGETED_DEVICE_FAMILY = "1,2";
				TEST_TARGET_NAME = "Timer-Login.UserDefaults.Combine.SwiftUI.HW.3.3";
			};
			name = Release;
		};
/* End XCBuildConfiguration section */

/* Begin XCConfigurationList section */
		A111D35A2875F40D00EA66B7 /* Build configuration list for PBXProject "Timer-Login.UserDefaults.Combine.SwiftUI.HW.3.3" */ = {
			isa = XCConfigurationList;
			buildConfigurations = (
				A111D3812875F40E00EA66B7 /* Debug */,
				A111D3822875F40E00EA66B7 /* Release */,
			);
			defaultConfigurationIsVisible = 0;
			defaultConfigurationName = Release;
		};
		A111D3832875F40E00EA66B7 /* Build configuration list for PBXNativeTarget "Timer-Login.UserDefaults.Combine.SwiftUI.HW.3.3" */ = {
			isa = XCConfigurationList;
			buildConfigurations = (
				A111D3842875F40E00EA66B7 /* Debug */,
				A111D3852875F40E00EA66B7 /* Release */,
			);
			defaultConfigurationIsVisible = 0;
			defaultConfigurationName = Release;
		};
		A111D3862875F40E00EA66B7 /* Build configuration list for PBXNativeTarget "Timer-Login.UserDefaults.Combine.SwiftUI.HW.3.3Tests" */ = {
			isa = XCConfigurationList;
			buildConfigurations = (
				A111D3872875F40E00EA66B7 /* Debug */,
				A111D3882875F40E00EA66B7 /* Release */,
			);
			defaultConfigurationIsVisible = 0;
			defaultConfigurationName = Release;
		};
		A111D3892875F40E00EA66B7 /* Build configuration list for PBXNativeTarget "Timer-Login.UserDefaults.Combine.SwiftUI.HW.3.3UITests" */ = {
			isa = XCConfigurationList;
			buildConfigurations = (
				A111D38A2875F40E00EA66B7 /* Debug */,
				A111D38B2875F40E00EA66B7 /* Release */,
			);
			defaultConfigurationIsVisible = 0;
			defaultConfigurationName = Release;
		};
/* End XCConfigurationList section */
	};
	rootObject = A111D3572875F40D00EA66B7 /* Project object */;
}
